
Microsoft Visual Studio Solution File, Format Version 12.00
# Visual Studio Version 16
VisualStudioVersion = 16.0.30717.126
MinimumVisualStudioVersion = 10.0.40219.1
Project("{FAE04EC0-301F-11D3-BF4B-00C04F79EFBC}") = "ServiceReservasi", "ServiceReservasi\ServiceReservasi.csproj", "{1024BAD6-FF70-4E32-B409-BE0DEEB4A052}"
EndProject
Global
	GlobalSection(SolutionConfigurationPlatforms) = preSolution
		Debug|Any CPU = Debug|Any CPU
		Release|Any CPU = Release|Any CPU
	EndGlobalSection
	GlobalSection(ProjectConfigurationPlatforms) = postSolution
		{1024BAD6-FF70-4E32-B409-BE0DEEB4A052}.Debug|Any CPU.ActiveCfg = Debug|Any CPU
		{1024BAD6-FF70-4E32-B409-BE0DEEB4A052}.Debug|Any CPU.Build.0 = Debug|Any CPU
		{1024BAD6-FF70-4E32-B409-BE0DEEB4A052}.Release|Any CPU.ActiveCfg = Release|Any CPU
		{1024BAD6-FF70-4E32-B409-BE0DEEB4A052}.Release|Any CPU.Build.0 = Release|Any CPU
	EndGlobalSection
	GlobalSection(SolutionProperties) = preSolution
		HideSolutionNode = FALSE
	EndGlobalSection
	GlobalSection(ExtensibilityGlobals) = postSolution
		SolutionGuid = {7942E9E2-C901-4A67-9010-4E371ECFA746}
	EndGlobalSection
EndGlobal
